
Microsoft Visual Studio Solution File, Format Version 12.00
# Visual Studio 15
VisualStudioVersion = 15.0.28010.2026
MinimumVisualStudioVersion = 10.0.40219.1
Project("{FAE04EC0-301F-11D3-BF4B-00C04F79EFBC}") = "ProjectX", "ProjectX\ProjectX.csproj", "{BEF3ECF5-2283-4399-9DE5-AA42DBE717AA}"
EndProject
Project("{2150E333-8FDC-42A3-9474-1A3956D46DE8}") = "ViewModel", "ViewModel", "{37128A93-A05E-4B9A-9C48-ACF70045B478}"
EndProject
Global
	GlobalSection(SolutionConfigurationPlatforms) = preSolution
		Debug|Any CPU = Debug|Any CPU
		Release|Any CPU = Release|Any CPU
	EndGlobalSection
	GlobalSection(ProjectConfigurationPlatforms) = postSolution
		{BEF3ECF5-2283-4399-9DE5-AA42DBE717AA}.Debug|Any CPU.ActiveCfg = Debug|Any CPU
		{BEF3ECF5-2283-4399-9DE5-AA42DBE717AA}.Debug|Any CPU.Build.0 = Debug|Any CPU
		{BEF3ECF5-2283-4399-9DE5-AA42DBE717AA}.Release|Any CPU.ActiveCfg = Release|Any CPU
		{BEF3ECF5-2283-4399-9DE5-AA42DBE717AA}.Release|Any CPU.Build.0 = Release|Any CPU
	EndGlobalSection
	GlobalSection(SolutionProperties) = preSolution
		HideSolutionNode = FALSE
	EndGlobalSection
	GlobalSection(ExtensibilityGlobals) = postSolution
		SolutionGuid = {48555F51-132E-41E9-BFEE-81E21DDA7FC6}
	EndGlobalSection
EndGlobal
